
Microsoft Visual Studio Solution File, Format Version 12.00
# Visual Studio Version 17
VisualStudioVersion = 17.2.32630.192
MinimumVisualStudioVersion = 10.0.40219.1
Project("{9A19103F-16F7-4668-BE54-9A1E7A4F7556}") = "Veezta", "Veezta\Veezta.csproj", "{A8B4B638-EA1B-43FA-8383-9AB4D4D72615}"
EndProject
Project("{9A19103F-16F7-4668-BE54-9A1E7A4F7556}") = "Domain", "Domain\Domain.csproj", "{BC6B944B-EB9B-4F3F-B144-5F95C38D0E64}"
EndProject
Project("{9A19103F-16F7-4668-BE54-9A1E7A4F7556}") = "Infrastrucutre", "Infrastrucutre\Infrastrucutre.csproj", "{CD40DAA8-2EAD-4834-9453-F3FC95F8DA02}"
EndProject
Project("{9A19103F-16F7-4668-BE54-9A1E7A4F7556}") = "Application", "Application\Application.csproj", "{3DD95860-5B13-4B35-B715-BFE0A81DBB6F}"
EndProject
Global
	GlobalSection(SolutionConfigurationPlatforms) = preSolution
		Debug|Any CPU = Debug|Any CPU
		Release|Any CPU = Release|Any CPU
	EndGlobalSection
	GlobalSection(ProjectConfigurationPlatforms) = postSolution
		{A8B4B638-EA1B-43FA-8383-9AB4D4D72615}.Debug|Any CPU.ActiveCfg = Debug|Any CPU
		{A8B4B638-EA1B-43FA-8383-9AB4D4D72615}.Debug|Any CPU.Build.0 = Debug|Any CPU
		{A8B4B638-EA1B-43FA-8383-9AB4D4D72615}.Release|Any CPU.ActiveCfg = Release|Any CPU
		{A8B4B638-EA1B-43FA-8383-9AB4D4D72615}.Release|Any CPU.Build.0 = Release|Any CPU
		{BC6B944B-EB9B-4F3F-B144-5F95C38D0E64}.Debug|Any CPU.ActiveCfg = Debug|Any CPU
		{BC6B944B-EB9B-4F3F-B144-5F95C38D0E64}.Debug|Any CPU.Build.0 = Debug|Any CPU
		{BC6B944B-EB9B-4F3F-B144-5F95C38D0E64}.Release|Any CPU.ActiveCfg = Release|Any CPU
		{BC6B944B-EB9B-4F3F-B144-5F95C38D0E64}.Release|Any CPU.Build.0 = Release|Any CPU
		{CD40DAA8-2EAD-4834-9453-F3FC95F8DA02}.Debug|Any CPU.ActiveCfg = Debug|Any CPU
		{CD40DAA8-2EAD-4834-9453-F3FC95F8DA02}.Debug|Any CPU.Build.0 = Debug|Any CPU
		{CD40DAA8-2EAD-4834-9453-F3FC95F8DA02}.Release|Any CPU.ActiveCfg = Release|Any CPU
		{CD40DAA8-2EAD-4834-9453-F3FC95F8DA02}.Release|Any CPU.Build.0 = Release|Any CPU
		{3DD95860-5B13-4B35-B715-BFE0A81DBB6F}.Debug|Any CPU.ActiveCfg = Debug|Any CPU
		{3DD95860-5B13-4B35-B715-BFE0A81DBB6F}.Debug|Any CPU.Build.0 = Debug|Any CPU
		{3DD95860-5B13-4B35-B715-BFE0A81DBB6F}.Release|Any CPU.ActiveCfg = Release|Any CPU
		{3DD95860-5B13-4B35-B715-BFE0A81DBB6F}.Release|Any CPU.Build.0 = Release|Any CPU
	EndGlobalSection
	GlobalSection(SolutionProperties) = preSolution
		HideSolutionNode = FALSE
	EndGlobalSection
	GlobalSection(ExtensibilityGlobals) = postSolution
		SolutionGuid = {4C02072F-65A4-46C9-B7F6-34942F74D304}
	EndGlobalSection
EndGlobal
